
Microsoft Visual Studio Solution File, Format Version 12.00
# Visual Studio Version 17
VisualStudioVersion = 17.4.33205.214
MinimumVisualStudioVersion = 10.0.40219.1
Project("{FAE04EC0-301F-11D3-BF4B-00C04F79EFBC}") = "ExpenseTracker", "ExpenseTracker\ExpenseTracker.csproj", "{39C2A859-2BD1-4794-A7D3-E8D3DB63B7CA}"
EndProject
Global
	GlobalSection(SolutionConfigurationPlatforms) = preSolution
		Debug|Any CPU = Debug|Any CPU
		Release|Any CPU = Release|Any CPU
	EndGlobalSection
	GlobalSection(ProjectConfigurationPlatforms) = postSolution
		{39C2A859-2BD1-4794-A7D3-E8D3DB63B7CA}.Debug|Any CPU.ActiveCfg = Debug|Any CPU
		{39C2A859-2BD1-4794-A7D3-E8D3DB63B7CA}.Debug|Any CPU.Build.0 = Debug|Any CPU
		{39C2A859-2BD1-4794-A7D3-E8D3DB63B7CA}.Release|Any CPU.ActiveCfg = Release|Any CPU
		{39C2A859-2BD1-4794-A7D3-E8D3DB63B7CA}.Release|Any CPU.Build.0 = Release|Any CPU
	EndGlobalSection
	GlobalSection(SolutionProperties) = preSolution
		HideSolutionNode = FALSE
	EndGlobalSection
	GlobalSection(ExtensibilityGlobals) = postSolution
		SolutionGuid = {BFF425FA-1C02-4436-A326-6CFC0F7DAD15}
	EndGlobalSection
EndGlobal
